
Microsoft Visual Studio Solution File, Format Version 12.00
# Visual Studio 15
VisualStudioVersion = 15.0.27703.2018
MinimumVisualStudioVersion = 10.0.40219.1
Project("{2150E333-8FDC-42A3-9474-1A3956D46DE8}") = "CapasBase", "CapasBase", "{912E345C-2BEB-4612-A9CD-21F147C7B310}"
EndProject
Project("{2150E333-8FDC-42A3-9474-1A3956D46DE8}") = "Moviles", "Moviles", "{9512D8D6-5934-487B-9B3A-B2177C4873F0}"
EndProject
Project("{FAE04EC0-301F-11D3-BF4B-00C04F79EFBC}") = "BolsaDeTrabajo.Android", "BolsaDeTrabajo\BolsaDeTrabajo.Android\BolsaDeTrabajo.Android.csproj", "{53A4951A-24D9-4BF9-AFC8-8B82EEDDB1B2}"
EndProject
Project("{FAE04EC0-301F-11D3-BF4B-00C04F79EFBC}") = "BolsaDeTrabajo.iOS", "BolsaDeTrabajo\BolsaDeTrabajo.iOS\BolsaDeTrabajo.iOS.csproj", "{8C0ED5DC-FDD3-4C96-8B21-006CC8DC35F8}"
EndProject
Project("{FAE04EC0-301F-11D3-BF4B-00C04F79EFBC}") = "BolsaDeTrabajo", "BolsaDeTrabajo\BolsaDeTrabajo\BolsaDeTrabajo.csproj", "{9CCA0605-D6BA-4E3C-AC67-4A972D4AC103}"
EndProject
Global
	GlobalSection(SolutionConfigurationPlatforms) = preSolution
		Ad-Hoc|Any CPU = Ad-Hoc|Any CPU
		Ad-Hoc|iPhone = Ad-Hoc|iPhone
		Ad-Hoc|iPhoneSimulator = Ad-Hoc|iPhoneSimulator
		AppStore|Any CPU = AppStore|Any CPU
		AppStore|iPhone = AppStore|iPhone
		AppStore|iPhoneSimulator = AppStore|iPhoneSimulator
		Debug|Any CPU = Debug|Any CPU
		Debug|iPhone = Debug|iPhone
		Debug|iPhoneSimulator = Debug|iPhoneSimulator
		Release|Any CPU = Release|Any CPU
		Release|iPhone = Release|iPhone
		Release|iPhoneSimulator = Release|iPhoneSimulator
	EndGlobalSection
	GlobalSection(ProjectConfigurationPlatforms) = postSolution
		{53A4951A-24D9-4BF9-AFC8-8B82EEDDB1B2}.Ad-Hoc|Any CPU.ActiveCfg = Release|Any CPU
		{53A4951A-24D9-4BF9-AFC8-8B82EEDDB1B2}.Ad-Hoc|Any CPU.Build.0 = Release|Any CPU
		{53A4951A-24D9-4BF9-AFC8-8B82EEDDB1B2}.Ad-Hoc|Any CPU.Deploy.0 = Release|Any CPU
		{53A4951A-24D9-4BF9-AFC8-8B82EEDDB1B2}.Ad-Hoc|iPhone.ActiveCfg = Release|Any CPU
		{53A4951A-24D9-4BF9-AFC8-8B82EEDDB1B2}.Ad-Hoc|iPhone.Build.0 = Release|Any CPU
		{53A4951A-24D9-4BF9-AFC8-8B82EEDDB1B2}.Ad-Hoc|iPhone.Deploy.0 = Release|Any CPU
		{53A4951A-24D9-4BF9-AFC8-8B82EEDDB1B2}.Ad-Hoc|iPhoneSimulator.ActiveCfg = Release|Any CPU
		{53A4951A-24D9-4BF9-AFC8-8B82EEDDB1B2}.Ad-Hoc|iPhoneSimulator.Build.0 = Release|Any CPU
		{53A4951A-24D9-4BF9-AFC8-8B82EEDDB1B2}.Ad-Hoc|iPhoneSimulator.Deploy.0 = Release|Any CPU
		{53A4951A-24D9-4BF9-AFC8-8B82EEDDB1B2}.AppStore|Any CPU.ActiveCfg = Release|Any CPU
		{53A4951A-24D9-4BF9-AFC8-8B82EEDDB1B2}.AppStore|Any CPU.Build.0 = Release|Any CPU
		{53A4951A-24D9-4BF9-AFC8-8B82EEDDB1B2}.AppStore|Any CPU.Deploy.0 = Release|Any CPU
		{53A4951A-24D9-4BF9-AFC8-8B82EEDDB1B2}.AppStore|iPhone.ActiveCfg = Release|Any CPU
		{53A4951A-24D9-4BF9-AFC8-8B82EEDDB1B2}.AppStore|iPhone.Build.0 = Release|Any CPU
		{53A4951A-24D9-4BF9-AFC8-8B82EEDDB1B2}.AppStore|iPhone.Deploy.0 = Release|Any CPU
		{53A4951A-24D9-4BF9-AFC8-8B82EEDDB1B2}.AppStore|iPhoneSimulator.ActiveCfg = Release|Any CPU
		{53A4951A-24D9-4BF9-AFC8-8B82EEDDB1B2}.AppStore|iPhoneSimulator.Build.0 = Release|Any CPU
		{53A4951A-24D9-4BF9-AFC8-8B82EEDDB1B2}.AppStore|iPhoneSimulator.Deploy.0 = Release|Any CPU
		{53A4951A-24D9-4BF9-AFC8-8B82EEDDB1B2}.Debug|Any CPU.ActiveCfg = Debug|Any CPU
		{53A4951A-24D9-4BF9-AFC8-8B82EEDDB1B2}.Debug|Any CPU.Build.0 = Debug|Any CPU
		{53A4951A-24D9-4BF9-AFC8-8B82EEDDB1B2}.Debug|Any CPU.Deploy.0 = Debug|Any CPU
		{53A4951A-24D9-4BF9-AFC8-8B82EEDDB1B2}.Debug|iPhone.ActiveCfg = Debug|Any CPU
		{53A4951A-24D9-4BF9-AFC8-8B82EEDDB1B2}.Debug|iPhone.Build.0 = Debug|Any CPU
		{53A4951A-24D9-4BF9-AFC8-8B82EEDDB1B2}.Debug|iPhone.Deploy.0 = Debug|Any CPU
		{53A4951A-24D9-4BF9-AFC8-8B82EEDDB1B2}.Debug|iPhoneSimulator.ActiveCfg = Debug|Any CPU
		{53A4951A-24D9-4BF9-AFC8-8B82EEDDB1B2}.Debug|iPhoneSimulator.Build.0 = Debug|Any CPU
		{53A4951A-24D9-4BF9-AFC8-8B82EEDDB1B2}.Debug|iPhoneSimulator.Deploy.0 = Debug|Any CPU
		{53A4951A-24D9-4BF9-AFC8-8B82EEDDB1B2}.Release|Any CPU.ActiveCfg = Release|Any CPU
		{53A4951A-24D9-4BF9-AFC8-8B82EEDDB1B2}.Release|Any CPU.Build.0 = Release|Any CPU
		{53A4951A-24D9-4BF9-AFC8-8B82EEDDB1B2}.Release|Any CPU.Deploy.0 = Release|Any CPU
		{53A4951A-24D9-4BF9-AFC8-8B82EEDDB1B2}.Release|iPhone.ActiveCfg = Release|Any CPU
		{53A4951A-24D9-4BF9-AFC8-8B82EEDDB1B2}.Release|iPhone.Build.0 = Release|Any CPU
		{53A4951A-24D9-4BF9-AFC8-8B82EEDDB1B2}.Release|iPhone.Deploy.0 = Release|Any CPU
		{53A4951A-24D9-4BF9-AFC8-8B82EEDDB1B2}.Release|iPhoneSimulator.ActiveCfg = Release|Any CPU
		{53A4951A-24D9-4BF9-AFC8-8B82EEDDB1B2}.Release|iPhoneSimulator.Build.0 = Release|Any CPU
		{53A4951A-24D9-4BF9-AFC8-8B82EEDDB1B2}.Release|iPhoneSimulator.Deploy.0 = Release|Any CPU
		{8C0ED5DC-FDD3-4C96-8B21-006CC8DC35F8}.Ad-Hoc|Any CPU.ActiveCfg = Ad-Hoc|iPhone
		{8C0ED5DC-FDD3-4C96-8B21-006CC8DC35F8}.Ad-Hoc|iPhone.ActiveCfg = Ad-Hoc|iPhone
		{8C0ED5DC-FDD3-4C96-8B21-006CC8DC35F8}.Ad-Hoc|iPhone.Build.0 = Ad-Hoc|iPhone
		{8C0ED5DC-FDD3-4C96-8B21-006CC8DC35F8}.Ad-Hoc|iPhoneSimulator.ActiveCfg = Ad-Hoc|iPhoneSimulator
		{8C0ED5DC-FDD3-4C96-8B21-006CC8DC35F8}.Ad-Hoc|iPhoneSimulator.Build.0 = Ad-Hoc|iPhoneSimulator
		{8C0ED5DC-FDD3-4C96-8B21-006CC8DC35F8}.AppStore|Any CPU.ActiveCfg = AppStore|iPhone
		{8C0ED5DC-FDD3-4C96-8B21-006CC8DC35F8}.AppStore|iPhone.ActiveCfg = AppStore|iPhone
		{8C0ED5DC-FDD3-4C96-8B21-006CC8DC35F8}.AppStore|iPhone.Build.0 = AppStore|iPhone
		{8C0ED5DC-FDD3-4C96-8B21-006CC8DC35F8}.AppStore|iPhoneSimulator.ActiveCfg = AppStore|iPhoneSimulator
		{8C0ED5DC-FDD3-4C96-8B21-006CC8DC35F8}.AppStore|iPhoneSimulator.Build.0 = AppStore|iPhoneSimulator
		{8C0ED5DC-FDD3-4C96-8B21-006CC8DC35F8}.Debug|Any CPU.ActiveCfg = Debug|iPhone
		{8C0ED5DC-FDD3-4C96-8B21-006CC8DC35F8}.Debug|iPhone.ActiveCfg = Debug|iPhone
		{8C0ED5DC-FDD3-4C96-8B21-006CC8DC35F8}.Debug|iPhone.Build.0 = Debug|iPhone
		{8C0ED5DC-FDD3-4C96-8B21-006CC8DC35F8}.Debug|iPhoneSimulator.ActiveCfg = Debug|iPhoneSimulator
		{8C0ED5DC-FDD3-4C96-8B21-006CC8DC35F8}.Debug|iPhoneSimulator.Build.0 = Debug|iPhoneSimulator
		{8C0ED5DC-FDD3-4C96-8B21-006CC8DC35F8}.Release|Any CPU.ActiveCfg = Release|iPhone
		{8C0ED5DC-FDD3-4C96-8B21-006CC8DC35F8}.Release|iPhone.ActiveCfg = Release|iPhone
		{8C0ED5DC-FDD3-4C96-8B21-006CC8DC35F8}.Release|iPhone.Build.0 = Release|iPhone
		{8C0ED5DC-FDD3-4C96-8B21-006CC8DC35F8}.Release|iPhoneSimulator.ActiveCfg = Release|iPhoneSimulator
		{8C0ED5DC-FDD3-4C96-8B21-006CC8DC35F8}.Release|iPhoneSimulator.Build.0 = Release|iPhoneSimulator
		{9CCA0605-D6BA-4E3C-AC67-4A972D4AC103}.Ad-Hoc|Any CPU.ActiveCfg = Debug|Any CPU
		{9CCA0605-D6BA-4E3C-AC67-4A972D4AC103}.Ad-Hoc|Any CPU.Build.0 = Debug|Any CPU
		{9CCA0605-D6BA-4E3C-AC67-4A972D4AC103}.Ad-Hoc|iPhone.ActiveCfg = Debug|Any CPU
		{9CCA0605-D6BA-4E3C-AC67-4A972D4AC103}.Ad-Hoc|iPhone.Build.0 = Debug|Any CPU
		{9CCA0605-D6BA-4E3C-AC67-4A972D4AC103}.Ad-Hoc|iPhoneSimulator.ActiveCfg = Debug|Any CPU
		{9CCA0605-D6BA-4E3C-AC67-4A972D4AC103}.Ad-Hoc|iPhoneSimulator.Build.0 = Debug|Any CPU
		{9CCA0605-D6BA-4E3C-AC67-4A972D4AC103}.AppStore|Any CPU.ActiveCfg = Debug|Any CPU
		{9CCA0605-D6BA-4E3C-AC67-4A972D4AC103}.AppStore|Any CPU.Build.0 = Debug|Any CPU
		{9CCA0605-D6BA-4E3C-AC67-4A972D4AC103}.AppStore|iPhone.ActiveCfg = Debug|Any CPU
		{9CCA0605-D6BA-4E3C-AC67-4A972D4AC103}.AppStore|iPhone.Build.0 = Debug|Any CPU
		{9CCA0605-D6BA-4E3C-AC67-4A972D4AC103}.AppStore|iPhoneSimulator.ActiveCfg = Debug|Any CPU
		{9CCA0605-D6BA-4E3C-AC67-4A972D4AC103}.AppStore|iPhoneSimulator.Build.0 = Debug|Any CPU
		{9CCA0605-D6BA-4E3C-AC67-4A972D4AC103}.Debug|Any CPU.ActiveCfg = Debug|Any CPU
		{9CCA0605-D6BA-4E3C-AC67-4A972D4AC103}.Debug|Any CPU.Build.0 = Debug|Any CPU
		{9CCA0605-D6BA-4E3C-AC67-4A972D4AC103}.Debug|iPhone.ActiveCfg = Debug|Any CPU
		{9CCA0605-D6BA-4E3C-AC67-4A972D4AC103}.Debug|iPhone.Build.0 = Debug|Any CPU
		{9CCA0605-D6BA-4E3C-AC67-4A972D4AC103}.Debug|iPhoneSimulator.ActiveCfg = Debug|Any CPU
		{9CCA0605-D6BA-4E3C-AC67-4A972D4AC103}.Debug|iPhoneSimulator.Build.0 = Debug|Any CPU
		{9CCA0605-D6BA-4E3C-AC67-4A972D4AC103}.Release|Any CPU.ActiveCfg = Release|Any CPU
		{9CCA0605-D6BA-4E3C-AC67-4A972D4AC103}.Release|Any CPU.Build.0 = Release|Any CPU
		{9CCA0605-D6BA-4E3C-AC67-4A972D4AC103}.Release|iPhone.ActiveCfg = Release|Any CPU
		{9CCA0605-D6BA-4E3C-AC67-4A972D4AC103}.Release|iPhone.Build.0 = Release|Any CPU
		{9CCA0605-D6BA-4E3C-AC67-4A972D4AC103}.Release|iPhoneSimulator.ActiveCfg = Release|Any CPU
		{9CCA0605-D6BA-4E3C-AC67-4A972D4AC103}.Release|iPhoneSimulator.Build.0 = Release|Any CPU
	EndGlobalSection
	GlobalSection(SolutionProperties) = preSolution
		HideSolutionNode = FALSE
	EndGlobalSection
	GlobalSection(NestedProjects) = preSolution
		{53A4951A-24D9-4BF9-AFC8-8B82EEDDB1B2} = {9512D8D6-5934-487B-9B3A-B2177C4873F0}
		{8C0ED5DC-FDD3-4C96-8B21-006CC8DC35F8} = {9512D8D6-5934-487B-9B3A-B2177C4873F0}
		{9CCA0605-D6BA-4E3C-AC67-4A972D4AC103} = {9512D8D6-5934-487B-9B3A-B2177C4873F0}
	EndGlobalSection
	GlobalSection(ExtensibilityGlobals) = postSolution
		SolutionGuid = {50673A9E-6C4A-46E4-A5F7-90241EC85DBC}
	EndGlobalSection
EndGlobal
